
Microsoft Visual Studio Solution File, Format Version 12.00
# Visual Studio Version 17
VisualStudioVersion = 17.8.34322.80
MinimumVisualStudioVersion = 10.0.40219.1
Project("{FAE04EC0-301F-11D3-BF4B-00C04F79EFBC}") = "VendorManagementSystemAPI", "VendorManagementSystemAPI\VendorManagementSystemAPI.csproj", "{DE39A4FF-E734-466B-9D40-C8AF09300456}"
EndProject
Global
	GlobalSection(SolutionConfigurationPlatforms) = preSolution
		Debug|Any CPU = Debug|Any CPU
		Release|Any CPU = Release|Any CPU
	EndGlobalSection
	GlobalSection(ProjectConfigurationPlatforms) = postSolution
		{DE39A4FF-E734-466B-9D40-C8AF09300456}.Debug|Any CPU.ActiveCfg = Debug|Any CPU
		{DE39A4FF-E734-466B-9D40-C8AF09300456}.Debug|Any CPU.Build.0 = Debug|Any CPU
		{DE39A4FF-E734-466B-9D40-C8AF09300456}.Release|Any CPU.ActiveCfg = Release|Any CPU
		{DE39A4FF-E734-466B-9D40-C8AF09300456}.Release|Any CPU.Build.0 = Release|Any CPU
	EndGlobalSection
	GlobalSection(SolutionProperties) = preSolution
		HideSolutionNode = FALSE
	EndGlobalSection
	GlobalSection(ExtensibilityGlobals) = postSolution
		SolutionGuid = {9ADA664D-8E32-489A-9C92-3B90175E2F52}
	EndGlobalSection
EndGlobal
